langcode: en
status: true
dependencies:
  content:
    - 'file:file:354c7ec6-5afb-42ea-8f2d-90c871886ef3'
  module:
    - paragraphs_ee
third_party_settings:
  paragraphs_ee:
    paragraphs_categories:
      embeds: embeds
id: block
label: 'Drupal block'
icon_uuid: 354c7ec6-5afb-42ea-8f2d-90c871886ef3
icon_default: 'data:image/svg+xml;base64,PD94bWwgdmVyc2lvbj0iMS4wIiBlbmNvZGluZz0iVVRGLTgiPz4KPHN2ZyB3aWR0aD0iNDI2cHgiIGhlaWdodD0iMjM4cHgiIHZpZXdCb3g9IjAgMCA0MjYgMjM4IiB2ZXJzaW9uPSIxLjEiIHhtbG5zPSJodHRwOi8vd3d3LnczLm9yZy8yMDAwL3N2ZyIgeG1sbnM6eGxpbms9Imh0dHA6Ly93d3cudzMub3JnLzE5OTkveGxpbmsiPgogICAgPHRpdGxlPmJsb2NrPC90aXRsZT4KICAgIDxnIGlkPSJibG9jayIgc3Ryb2tlPSJub25lIiBzdHJva2Utd2lkdGg9IjEiIGZpbGw9Im5vbmUiIGZpbGwtcnVsZT0iZXZlbm9kZCI+CiAgICAgICAgPHJlY3QgZmlsbD0iI0ZGRkZGRiIgeD0iMCIgeT0iMCIgd2lkdGg9IjQyNiIgaGVpZ2h0PSIyMzgiPjwvcmVjdD4KICAgICAgICA8cmVjdCBpZD0iUmVjdGFuZ2xlLUNvcHktNiIgZmlsbD0iI0VFRUVFRSIgeD0iMzciIHk9IjM5IiB3aWR0aD0iMzUyIiBoZWlnaHQ9IjE2MCIgcng9IjQiPjwvcmVjdD4KICAgICAgICA8ZyBpZD0idG95LWJsb2NrIiB0cmFuc2Zvcm09InRyYW5zbGF0ZSgxODMuMDAwMDAwLCA4OS4wMDAwMDApIiBmaWxsPSIjOTk5OTk5IiBmaWxsLXJ1bGU9Im5vbnplcm8iPgogICAgICAgICAgICA8cGF0aCBkPSJNMzUuNTIwNjY0Nyw4LjYxOTI3MjQgQzM1LjM3Mzg4ODMsOC40MjcxOTk0OCAzNS4zMDA1MDAxLDguMTg3MTA4MzMgMzUuMzA1MzkyNiw3Ljk0NzAxNzE3IEMzNS4xMzkwNDYsOC4wNzY2NjY0IDM0Ljk2MjkxNDMsOC4xOTY3MTE5NyAzNC43NzY5OTc1LDguMzExOTU1NzMgQzMzLjQ3MDY4NzMsOS4xMTg2NjIgMzEuNjg0OTA3NSw5LjYyMjg1MzQyIDI5LjcyNzg4ODUsOS42MjI4NTM0MiBDMjcuNzcwODY5NSw5LjYyMjg1MzQyIDI1Ljk4MDE5NzIsOS4xMjM0NjM4MiAyNC42Nzg3Nzk1LDguMzExOTU1NzMgQzI0LjM5NTAxMTgsOC4xMzkwOTAxIDI0LjEzNTcwNjgsNy45NDcwMTcxNyAyMy45MDA4NjQ1LDcuNzQ1MzQwNiBMMjMuOTAwODY0NSw5LjIzMzkwNTc1IEMyMy45MDA4NjQ1LDEwLjk3Njk2NzUgMjUuMzUzOTUxMSwxMi4xMDUzOTU5IDI3LjIxODAxMTcsMTIuNjE0Mzg5MiBDMjguMDAwODE5MywxMi44MzA0NzEyIDI4Ljg1MjEyMjUsMTIuOTM2MTExMyAyOS43MDM0MjU4LDEyLjkzNjExMTMgQzMwLjU1NDcyOSwxMi45MzYxMTEzIDMxLjQwNjAzMjMsMTIuODMwNDcxMiAzMi4xODg4Mzk5LDEyLjYxNDM4OTIgQzM0LjA2MjY4NTYsMTIuMTAwNTk0MSAzNS41MzA0NDk4LDEwLjk3MjE2NTcgMzUuNTMwNDQ5OCw5LjI0ODMxMTIyIEwzNS41MzA0NDk4LDguNjE5MjcyNCBMMzUuNTIwNjY0Nyw4LjYxOTI3MjQgWiBNMjkuNzc2ODE0LDE1LjE4MzM2NDUgQzMxLjczMzgzMywxNS4xODMzNjQ1IDMzLjUyNDUwNTMsMTUuNjgyNzU0MSAzNC44MjU5MjMsMTYuNDk0MjYyMiBDMzYuMjM0OTc2NiwxNy4zNjgxOTQgMzcuMTA1ODUwMSwxOC42MDIyNjI2IDM3LjEwNTg1MDEsMTkuOTk0NzkxMiBDMzcuMTA1ODUwMSwyMC4xNzI0NTg3IDM3LjA5MTE3MjQsMjAuMzQ1MzI0MyAzNy4wNjY3MDk3LDIwLjUxMzM4ODEgTDM3LjA2NjcwOTcsMjQuNDMxNjc1OCBDMzcuMDY2NzA5NywyNi45MzgyMjc0IDM1LjExOTQ3NTgsMjguNTI3NjMwOCAzMi42MzQwNjE3LDI5LjIwNDY4NzkgQzMxLjcyNDA0NzksMjkuNDU0MzgyNyAzMC43NDA2NDU4LDI5LjU3OTIzMDEgMjkuNzUyMzUxMiwyOS41NzkyMzAxIEMyOC43Njg5NDkyLDI5LjU3OTIzMDEgMjcuNzgwNjU0NiwyOS40NTQzODI3IDI2Ljg3MDY0MDgsMjkuMjA5NDg5NyBDMjQuMzk1MDExOCwyOC41MzI0MzI3IDIyLjQ1NzU2MywyNi45NDMwMjkyIDIyLjQ1NzU2MywyNC40MjIwNzIxIEwyMi40NTc1NjMsMjAuNDc0OTczNSBDMjIuNDU3NTYzLDIwLjQzMTc1NzEgMjIuNDYyNDU1NSwyMC4zOTMzNDI2IDIyLjQ2NzM0ODEsMjAuMzU0OTI4IEMyMi40NTI2NzA0LDIwLjIzOTY4NDIgMjIuNDQ3Nzc3OSwyMC4xMTk2Mzg2IDIyLjQ0Nzc3NzksMTkuOTk5NTkzMSBDMjIuNDQ3Nzc3OSwxOC42MDcwNjQ0IDIzLjMxODY1MTMsMTcuMzY4MTk0IDI0LjcyNzcwNSwxNi40OTkwNjQxIEMyNi4wMzQwMTUyLDE1LjY4Mjc1NDEgMjcuODE5Nzk1LDE1LjE4MzM2NDUgMjkuNzc2ODE0LDE1LjE4MzM2NDUgTDI5Ljc3NjgxNCwxNS4xODMzNjQ1IFogTTM1LjU3NDQ4MjcsMjIuOTYyMzE3OSBDMzUuMzQ5NDI1NSwyMy4xNTQzOTA4IDM1LjA5OTkwNTYsMjMuMzMyMDU4MyAzNC44MzA4MTU1LDIzLjUwMDEyMjEgQzMzLjUyNDUwNTMsMjQuMzA2ODI4NCAzMS43Mzg3MjU1LDI0LjgxMTAxOTggMjkuNzgxNzA2NSwyNC44MTEwMTk4IEMyNy44MjQ2ODc1LDI0LjgxMTAxOTggMjYuMDM0MDE1MiwyNC4zMTE2MzAyIDI0LjczMjU5NzUsMjMuNTAwMTIyMSBDMjQuNDQ4ODI5OCwyMy4zMjcyNTY0IDI0LjE4OTUyNDgsMjMuMTM1MTgzNSAyMy45NTQ2ODI1LDIyLjkzMzUwNyBMMjMuOTU0NjgyNSwyNC40MjIwNzIxIEMyMy45NTQ2ODI1LDI2LjE2NTEzMzkgMjUuNDA3NzY5MSwyNy4yOTM1NjIzIDI3LjI3MTgyOTcsMjcuODAyNTU1NSBDMjguMDU0NjM3MywyOC4wMTg2Mzc2IDI4LjkwNTk0MDUsMjguMTI0Mjc3NyAyOS43NTcyNDM4LDI4LjEyNDI3NzcgQzMwLjYwODU0NzEsMjguMTI0Mjc3NyAzMS40NTk4NTAzLDI4LjAxODYzNzYgMzIuMjQyNjU3OSwyNy44MDI1NTU1IEMzNC4xMTY1MDM2LDI3LjI4ODc2MDUgMzUuNTg0MjY3OCwyNi4xNjAzMzIxIDM1LjU4NDI2NzgsMjQuNDM2NDc3NiBMMzUuNTg0MjY3OCwyMi45NjIzMTc5IEwzNS41NzQ0ODI3LDIyLjk2MjMxNzkgWiBNMzQuMDM4MjIyOCwxNy43MjgzMzA4IEMzMi45NjE4NjI0LDE3LjA2MDg3NzQgMzEuNDU0OTU3OCwxNi42NDc5MjA2IDI5Ljc4MTcwNjUsMTYuNjQ3OTIwNiBDMjguMTAzNTYyOCwxNi42NDc5MjA2IDI2LjYwMTU1MDcsMTcuMDYwODc3NCAyNS41MjUxOTAyLDE3LjcyODMzMDggQzI0LjU1MTU3MzMsMTguMzMzMzYwNSAyMy45NDQ4OTc0LDE5LjEzNTI2NDkgMjMuOTQ0ODk3NCwxOS45OTQ3OTEyIEMyMy45NDQ4OTc0LDIwLjg1NDMxNzYgMjQuNTQ2NjgwNywyMS42NTYyMjIgMjUuNTI1MTkwMiwyMi4yNjEyNTE3IEMyNi42MDE1NTA3LDIyLjkyODcwNTEgMjguMTA4NDU1MywyMy4zNDE2NjE5IDI5Ljc4MTcwNjUsMjMuMzQxNjYxOSBDMzEuNDU5ODUwMywyMy4zNDE2NjE5IDMyLjk2MTg2MjQsMjIuOTI4NzA1MSAzNC4wMzgyMjI4LDIyLjI2MTI1MTcgQzM0Ljg2NTA2MzMsMjEuNzQ3NDU2NyAzNS40MjI4MTM4LDIxLjA5NDQwODcgMzUuNTc0NDgyNywyMC4zNzg5MzcxIEwzNS41NzQ0ODI3LDIwLjI0NDQ4NiBDMzUuNTc0NDgyNywyMC4xNjI4NTUxIDM1LjU4OTE2MDQsMjAuMDgxMjI0MSAzNS42MTM2MjMxLDIwLjAwNDM5NDkgTDM1LjYxMzYyMzEsMTkuOTg5OTg5NCBDMzUuNjEzNjIzMSwxOS4xMzUyNjQ5IDM1LjAxMTgzOTgsMTguMzMzMzYwNSAzNC4wMzgyMjI4LDE3LjcyODMzMDggTDM0LjAzODIyMjgsMTcuNzI4MzMwOCBaIE0xNC42OTMwOTAxLDguMDIzODQ2MzQgQzE2LjI1ODcwNTMsOC4wMjM4NDYzNCAxNy43MTE3OTE5LDguMzQwNzY2NjYgMTguOTAwNjgxLDguODgzMzcyNjcgQzE4Ljk1OTM5MTUsOC44MjU3NTA3OSAxOS4wMjc4ODcyLDguNzc3NzMyNTYgMTkuMTAxMjc1NCw4LjczNDUxNjE2IEwyMi4xNzM3OTUyLDYuOTkxNDU0MzggQzIyLjI0NzE4MzQsNi45NDgyMzc5OCAyMi4zMjU0NjQyLDYuOTE5NDI3MDQgMjIuNDAzNzQ1LDYuODk1NDE3OTIgTDIyLjQwMzc0NSw1LjI4NjgwNzE5IEMyMi40MDM3NDUsNS4yNDM1OTA3OSAyMi40MDg2Mzc1LDUuMjA1MTc2MiAyMi40MTM1Myw1LjE2Njc2MTYyIEMyMi4zOTg4NTI0LDUuMDUxNTE3ODYgMjIuMzkzOTU5OSw0LjkzMTQ3MjI5IDIyLjM5Mzk1OTksNC44MTE0MjY3MSBDMjIuMzkzOTU5OSwzLjQxODg5ODAyIDIzLjI2NDgzMzMsMi4xODAwMjc2NyAyNC42NzM4ODcsMS4zMTA4OTc3IEMyNS45ODAxOTcyLDAuNDk5Mzg5NTk5IDI3Ljc2NTk3NywwIDI5LjcyMjk5NiwwIEMzMS42ODAwMTQ5LDAgMzMuNDcwNjg3MywwLjQ5OTM4OTU5OSAzNC43NzIxMDQ5LDEuMzEwODk3NyBDMzYuMTgxMTU4NiwyLjE4NDgyOTQ5IDM3LjA1MjAzMjEsMy40MTg4OTgwMiAzNy4wNTIwMzIxLDQuODExNDI2NzEgQzM3LjA1MjAzMjEsNC45ODkwOTQxNiAzNy4wMzczNTQ0LDUuMTYxOTU5NzkgMzcuMDEyODkxNyw1LjMzMDAyMzYgTDM3LjAxMjg5MTcsNy4wODc0OTA4NCBMNDAuMzU5Mzk0Miw4Ljg4ODE3NDQ5IEM0MC40Mjc4ODk4LDguOTI2NTg5MDggNDAuNDkxNDkyOSw4Ljk2OTgwNTQ5IDQwLjU1MDIwMzUsOS4wMTc4MjM3MiBDNDEuODQ2NzI4Niw4LjIzNTEyNjU2IDQzLjYwMzE1MzEsNy43NTQ5NDQyNSA0NS41MjU5MjQzLDcuNzU0OTQ0MjUgQzQ3LjQ4Mjk0MzMsNy43NTQ5NDQyNSA0OS4yNzM2MTU2LDguMjU0MzMzODUgNTAuNTc1MDMzMyw5LjA2NTg0MTk1IEM1MS45ODQwODY5LDkuOTM5NzczNzQgNTIuODU0OTYwNCwxMS4xNzM4NDIzIDUyLjg1NDk2MDQsMTIuNTY2MzcxIEM1Mi44NTQ5NjA0LDEyLjc0NDAzODQgNTIuODQwMjgyNywxMi45MTY5MDQgNTIuODE1ODIsMTMuMDg0OTY3OSBMNTIuODE1ODIsMTUuNjEwNzI2OCBDNTIuODk0MTAwOCwxNS42Mjk5MzQxIDUyLjk3MjM4MTUsMTUuNjYzNTQ2OCA1My4wNTA2NjIzLDE1LjcwMTk2MTQgTDU4LjM3ODY0NjUsMTguNTY4NjQ5OCBDNTguNTY5NDU1OCwxOC42NTk4ODQ0IDU4LjczNTgwMjQsMTguODAzOTM5MSA1OC44NDgzMzEsMTguOTk2MDEyIEM1OC45NDYxODIsMTkuMTY0MDc1OSA1OC45OTUxMDc1LDE5LjM1MTM0NyA1OC45OTUxMDc1LDE5LjUzMzgxNjIgTDU5LDE5LjUzMzgxNjIgTDU5LDQxLjIzMzI1NDcgQzU5LDQxLjY0MTQwOTYgNTguNzY1MTU3Nyw0Mi4wMDE1NDYzIDU4LjQyMjY3OTQsNDIuMTg0MDE1NiBMMzAuMzI0Nzc5Myw1OC44NDYzNDE3IEMzMC4xNTg0MzI3LDU4Ljk0NzE3OTkgMjkuOTcyNTE1OSw1OC45OTUxOTgyIDI5Ljc5MTQ5MTYsNTkgQzI5Ljc3MTkyMTQsNTkgMjkuNzUyMzUxMiw1OSAyOS43MzI3ODExLDU5IEMyOS40NTg3OTg0LDU5IDI5LjIwNDM4NTksNTguODk5MTYxNyAyOS4wMTM1NzY2LDU4LjczNTg5OTcgTDAuNTM4OTUwMzI3LDQyLjM4NTY5MjIgQzAuMTgxNzk0MzYyLDQyLjE3OTIxMzggLTAuMDEzOTA3NTM2Niw0MS44MDQ2NzE2IDAuMDAwNzcwMTA1NzU0LDQxLjQyMDUyNTggTDAuMzM4MzU1ODgxLDIwLjA0MjgwOTUgQzAuMzI4NTcwNzg2LDE5Ljg0NTkzNDcgMC4zNzI2MDM3MTMsMTkuNjQ0MjU4MiAwLjQ3NTM0NzIxLDE5LjQ1Njk4NzEgQzAuNTg3ODc1ODAyLDE5LjI1NTMxMDUgMC43NTkxMTQ5NjMsMTkuMTA2NDU0IDAuOTU0ODE2ODYyLDE5LjAxNTIxOTMgTDcuMDU1ODIzNTUsMTUuNTU3OTA2NyBDNy4xNTM2NzQ1LDE1LjUwMDI4NDkgNy4yNjEzMTA1NSwxNS40NjE4NzAzIDcuMzY0MDU0MDQsMTUuNDM3ODYxMiBMNy4zNjQwNTQwNCwxMy4zMTA2NTM1IEM3LjM2NDA1NDA0LDEzLjI2NzQzNzEgNy4zNjg5NDY1OSwxMy4yMjkwMjI1IDcuMzczODM5MTQsMTMuMTkwNjA4IEM3LjM1OTE2MTQ5LDEzLjA3NTM2NDIgNy4zNTQyNjg5NSwxMi45NTUzMTg2IDcuMzU0MjY4OTUsMTIuODM1MjczMSBDNy4zNTQyNjg5NSwxMS40NDI3NDQ0IDguMjI1MTQyNCwxMC4yMDM4NzQgOS42MzQxOTYwNyw5LjMzNDc0NDA0IEMxMC45NDUzOTg4LDguNTIzMjM1OTQgMTIuNzM2MDcxMiw4LjAyMzg0NjM0IDE0LjY5MzA5MDEsOC4wMjM4NDYzNCBMMTQuNjkzMDkwMSw4LjAyMzg0NjM0IFogTTIwLjg2MjU5MjUsMTAuMjEzNDc3NyBDMjEuNTk2NDc0NiwxMC45NjI1NjIxIDIyLjAyMjEyNjMsMTEuODYwNTAzIDIyLjAyMjEyNjMsMTIuODM1MjczMSBDMjIuMDIyMTI2MywxMy4wMTI5NDA1IDIyLjAwNzQ0ODYsMTMuMTg1ODA2MSAyMS45ODI5ODU5LDEzLjM1Mzg2OTkgTDIxLjk4Mjk4NTksMTcuMjcyMTU3NiBDMjEuOTgyOTg1OSwxOS43Nzg3MDkyIDIwLjAzNTc1MiwyMS4zNjgxMTI2IDE3LjU1MDMzNzksMjIuMDQ1MTY5NyBDMTYuNjQwMzI0LDIyLjI5NDg2NDUgMTUuNjU2OTIyLDIyLjQxOTcxMTkgMTQuNjY4NjI3NCwyMi40MTk3MTE5IEMxMy42ODUyMjU0LDIyLjQxOTcxMTkgMTIuNjk2OTMwOCwyMi4yOTQ4NjQ1IDExLjc4NjkxNywyMi4wNDk5NzE1IEM5LjUwMjA5NzI5LDIxLjQyNTczNDUgNy42ODIwNjk2MywyMC4wMjg0MDQgNy40MDgwODY5NywxNy44Mzg3NzI3IEwzLjY0NTcxNzk3LDE5Ljk3MDc4MjEgTDI5LjcxMzIxMDksMzQuMzA0MjI0IEw1NS42NjgxNzUyLDE5LjU2NzQyOSBMNTIuNzA4MTg0LDE3Ljk3MzIyMzcgQzUyLjI3Mjc0NzIsMTkuOTIyNzYzOSA1MC41MzEwMDAzLDIxLjE5NTI0NyA0OC4zNzgyNzk1LDIxLjc4MTA2OTQgQzQ3LjQ2ODI2NTYsMjIuMDMwNzY0MiA0Ni40ODQ4NjM2LDIyLjE1NTYxMTYgNDUuNDk2NTY5LDIyLjE1NTYxMTYgQzQ0LjUwODI3NDQsMjIuMTU1NjExNiA0My41MjQ4NzI0LDIyLjAzMDc2NDIgNDIuNjE0ODU4NSwyMS43ODU4NzEyIEM0MC4xMzkyMjk1LDIxLjEwODgxNDIgMzguMjAxNzgwNywxOS41MTk0MTA4IDM4LjIwMTc4MDcsMTYuOTk4NDUzNyBMMzguMjAxNzgwNywxMy4wNTEzNTUxIEMzOC4yMDE3ODA3LDEzLjAwODEzODcgMzguMjA2NjczMywxMi45Njk3MjQxIDM4LjIxMTU2NTgsMTIuOTMxMzA5NSBDMzguMTk2ODg4MiwxMi44MTYwNjU4IDM4LjE5MTk5NTYsMTIuNjk2MDIwMiAzOC4xOTE5OTU2LDEyLjU3NTk3NDYgQzM4LjE5MTk5NTYsMTEuODQ2MDk3NSAzOC40MzE3MzA1LDExLjE1NDYzNSAzOC44NjIyNzQ2LDEwLjU0MDAwMTYgTDM2Ljk5ODIxNCw5LjU0MTIyMjQzIEMzNi44NTYzMzAyLDExLjg4NDUxMjEgMzQuOTY3ODA2OCwxMy4zODI2ODA5IDMyLjU3MDQ1ODYsMTQuMDM1NzI4OCBDMzEuNjYwNDQ0OCwxNC4yODU0MjM2IDMwLjY3NzA0MjcsMTQuNDEwMjcxIDI5LjY4ODc0ODEsMTQuNDEwMjcxIEMyOC43MDA0NTM1LDE0LjQxMDI3MSAyNy43MTcwNTE1LDE0LjI4NTQyMzYgMjYuODA3MDM3NywxNC4wNDA1MzA2IEMyNC4zNjA3NjM5LDEzLjM3MzA3NzIgMjIuNDQ3Nzc3OSwxMS44MTcyODY2IDIyLjM5ODg1MjQsOS4zNTM5NTEzMyBMMjAuODYyNTkyNSwxMC4yMTM0Nzc3IEwyMC44NjI1OTI1LDEwLjIxMzQ3NzcgWiBNMjAuNDkwNzU4OSwxNS43OTc5OTc5IEMyMC4yNjU3MDE3LDE1Ljk5MDA3MDggMjAuMDE2MTgxOCwxNi4xNjc3MzgzIDE5Ljc0NzA5MTcsMTYuMzM1ODAyMSBDMTguNDQwNzgxNSwxNy4xNDI1MDgzIDE2LjY1NTAwMTcsMTcuNjQ2Njk5OCAxNC42OTc5ODI3LDE3LjY0NjY5OTggQzEyLjc0MDk2MzcsMTcuNjQ2Njk5OCAxMC45NTAyOTEzLDE3LjE0NzMxMDIgOS42NDg4NzM3MSwxNi4zMzU4MDIxIEM5LjM2NTEwNTk2LDE2LjE2MjkzNjQgOS4xMDU4MDA5NCwxNS45NzA4NjM1IDguODcwOTU4NjYsMTUuNzY5MTg2OSBMOC44NzA5NTg2NiwxNy4yNTc3NTIxIEM4Ljg3MDk1ODY2LDE5LjAwMDgxMzkgMTAuMzI0MDQ1MywyMC4xMjkyNDIzIDEyLjE4ODEwNTgsMjAuNjM4MjM1NSBDMTIuOTcwOTEzNCwyMC44NTQzMTc2IDEzLjgyMjIxNjcsMjAuOTU5OTU3NyAxNC42NzM1MiwyMC45NTk5NTc3IEMxNS41MjQ4MjMyLDIwLjk1OTk1NzcgMTYuMzc2MTI2NSwyMC44NTQzMTc2IDE3LjE1ODkzNDEsMjAuNjM4MjM1NSBDMTkuMDMyNzc5NywyMC4xMjQ0NDA1IDIwLjUwMDU0NCwxOC45OTYwMTIgMjAuNTAwNTQ0LDE3LjI3MjE1NzYgTDIwLjUwMDU0NCwxNS43OTc5OTc5IEwyMC40OTA3NTg5LDE1Ljc5Nzk5NzkgWiBNMTguOTQ5NjA2NCwxMC41Njg4MTI2IEMxNy44NzMyNDYsOS45MDEzNTkxNiAxNi4zNjYzNDE0LDkuNDg4NDAyMzggMTQuNjkzMDkwMSw5LjQ4ODQwMjM4IEMxMy4wMTQ5NDY0LDkuNDg4NDAyMzggMTEuNTEyOTM0Myw5LjkwMTM1OTE2IDEwLjQzNjU3MzksMTAuNTY4ODEyNiBDOS40NjI5NTY5MSwxMS4xNzM4NDIzIDguODU2MjgxMDIsMTEuOTc1NzQ2NyA4Ljg1NjI4MTAyLDEyLjgzNTI3MzEgQzguODU2MjgxMDIsMTMuNjk0Nzk5NCA5LjQ1ODA2NDM2LDE0LjQ5NjcwMzggMTAuNDM2NTczOSwxNS4xMDE3MzM1IEMxMS41MTI5MzQzLDE1Ljc2OTE4NjkgMTMuMDE5ODM4OSwxNi4xODIxNDM3IDE0LjY5MzA5MDEsMTYuMTgyMTQzNyBDMTYuMzcxMjMzOSwxNi4xODIxNDM3IDE3Ljg3MzI0NiwxNS43NjkxODY5IDE4Ljk0OTYwNjQsMTUuMTAxNzMzNSBDMTkuNzc2NDQ3LDE0LjU4NzkzODUgMjAuMzM0MTk3NCwxMy45MzQ4OTA1IDIwLjQ4NTg2NjMsMTMuMjE5NDE4OSBMMjAuNDg1ODY2MywxMy4wODQ5Njc5IEMyMC40ODU4NjYzLDEzLjAwMzMzNjkgMjAuNTAwNTQ0LDEyLjkyMTcwNTkgMjAuNTI1MDM2MywxMi44NDQ4NzY3IEwyMC41MjUwMzYzLDEyLjgzMDQ3MTIgQzIwLjUyOTg5OTMsMTEuOTc1NzQ2NyAxOS45MjgxMTU5LDExLjE3Mzg0MjMgMTguOTQ5NjA2NCwxMC41Njg4MTI2IEwxOC45NDk2MDY0LDEwLjU2ODgxMjYgWiBNNTEuMzE4NzAwNSwxNS41MjkwOTU4IEM1MS4wOTM2NDMzLDE1LjcyMTE2ODcgNTAuODQ0MTIzNCwxNS44OTg4MzYyIDUwLjU3NTAzMzMsMTYuMDY2OSBDNDkuMjY4NzIzMSwxNi44NzM2MDYzIDQ3LjQ4Mjk0MzMsMTcuMzc3Nzk3NyA0NS41MjU5MjQzLDE3LjM3Nzc5NzcgQzQzLjU2ODkwNTMsMTcuMzc3Nzk3NyA0MS43NzgyMzI5LDE2Ljg3ODQwODEgNDAuNDc2ODE1MywxNi4wNjY5IEM0MC4xOTMwNDc1LDE1Ljg5NDAzNDMgMzkuOTMzNzQyNSwxNS43MDE5NjE0IDM5LjY5ODkwMDIsMTUuNTAwMjg0OSBMMzkuNjk4OTAwMiwxNi45ODg4NSBDMzkuNjk4OTAwMiwxOC43MzE5MTE4IDQxLjE1MTk4NjgsMTkuODYwMzQwMiA0My4wMTYwNDc0LDIwLjM2OTMzMzQgQzQzLjc5ODg1NSwyMC41ODU0MTU1IDQ0LjY1MDE1ODMsMjAuNjkxMDU1NiA0NS41MDE0NjE1LDIwLjY5MTA1NTYgQzQ2LjM1Mjc2NDgsMjAuNjkxMDU1NiA0Ny4yMDQwNjgxLDIwLjU4NTQxNTUgNDcuOTg2ODc1NywyMC4zNjkzMzM0IEM0OS44NjA3MjEzLDE5Ljg1NTUzODQgNTEuMzI4NDg1NiwxOC43MjcxMSA1MS4zMjg0ODU2LDE3LjAwMzI1NTUgTDUxLjMyODQ4NTYsMTUuNTI5MDk1OCBMNTEuMzE4NzAwNSwxNS41MjkwOTU4IFogTTQ5Ljc4MjQ0MDYsMTAuMjk5OTEwNSBDNDguNzA2MDgwMSw5LjYzMjQ1NzA3IDQ3LjE5OTE3NTUsOS4yMTk1MDAyOCA0NS41MjU5MjQzLDkuMjE5NTAwMjggQzQzLjg0Nzc4MDUsOS4yMTk1MDAyOCA0Mi4zNDU3Njg0LDkuNjMyNDU3MDcgNDEuMjY5NDA4LDEwLjI5OTkxMDUgQzQwLjI5NTc5MSwxMC45MDQ5NDAyIDM5LjY4OTExNTIsMTEuNzA2ODQ0NiAzOS42ODkxMTUyLDEyLjU2NjM3MSBDMzkuNjg5MTE1MiwxMy40MjU4OTczIDQwLjI5MDg5ODUsMTQuMjI3ODAxNyA0MS4yNjk0MDgsMTQuODMyODMxNCBDNDIuMzQ1NzY4NCwxNS41MDAyODQ5IDQzLjg1MjY3MywxNS45MTMyNDE2IDQ1LjUyNTkyNDMsMTUuOTEzMjQxNiBDNDcuMjA0MDY4MSwxNS45MTMyNDE2IDQ4LjcwNjA4MDEsMTUuNTAwMjg0OSA0OS43ODI0NDA2LDE0LjgzMjgzMTQgQzUwLjYwOTI4MTEsMTQuMzE5MDM2NCA1MS4xNjcwMzE1LDEzLjY2NTk4ODQgNTEuMzE4NzAwNSwxMi45NTA1MTY4IEw1MS4zMTg3MDA1LDEyLjgyMDg2NzYgQzUxLjMxODcwMDUsMTIuNzM5MjM2NiA1MS4zMzMzNzgxLDEyLjY1NzYwNTYgNTEuMzU3ODQwOSwxMi41ODA3NzY0IEw1MS4zNTc4NDA5LDEyLjU2NjM3MSBDNTEuMzU3ODQwOSwxMS43MDY4NDQ2IDUwLjc1NjA1NzUsMTAuOTAwMTM4NCA0OS43ODI0NDA2LDEwLjI5OTkxMDUgTDQ5Ljc4MjQ0MDYsMTAuMjk5OTEwNSBaIE0zNS41MjA2NjQ3LDUuMjAwMzc0MzggTDM1LjUyMDY2NDcsNS4wNjU5MjMzMyBDMzUuNTIwNjY0Nyw0Ljk4NDI5MjM0IDM1LjUzNTM0MjQsNC45MDI2NjEzNSAzNS41NTk4MDUxLDQuODI1ODMyMTggTDM1LjU1OTgwNTEsNC44MTE0MjY3MSBDMzUuNTU5ODA1MSwzLjk1MTkwMDM4IDM0Ljk1ODAyMTgsMy4xNDk5OTU5MyAzMy45Nzk1MTIzLDIuNTQ0OTY2MjIgQzMyLjkwMzE1MTgsMS44Nzc1MTI4MiAzMS4zOTYyNDcyLDEuNDY0NTU2MDMgMjkuNzIyOTk2LDEuNDY0NTU2MDMgQzI4LjA0NDg1MjIsMS40NjQ1NTYwMyAyNi41NDI4NDAxLDEuODc3NTEyODIgMjUuNDY2NDc5NywyLjU0NDk2NjIyIEMyNC40OTI4NjI3LDMuMTQ5OTk1OTMgMjMuODg2MTg2OCwzLjk1MTkwMDM4IDIzLjg4NjE4NjgsNC44MTE0MjY3MSBDMjMuODg2MTg2OCw1LjY3MDk1MzA0IDI0LjQ4Nzk3MDIsNi40NzI4NTc0OSAyNS40NjY0Nzk3LDcuMDc3ODg3MiBDMjYuNTQyODQwMSw3Ljc0NTM0MDYgMjguMDQ5NzQ0Nyw4LjE1ODI5NzM5IDI5LjcyMjk5Niw4LjE1ODI5NzM5IEMzMS40MDExMzk3LDguMTU4Mjk3MzkgMzIuOTAzMTUxOCw3Ljc0NTM0MDYgMzMuOTc5NTEyMyw3LjA3Nzg4NzIgQzM0LjgxMTI0NTMsNi41Njg4OTM5NSAzNS4zNjg5OTU3LDUuOTExMDQ0MTkgMzUuNTIwNjY0Nyw1LjIwMDM3NDM4IEwzNS41MjA2NjQ3LDUuMjAwMzc0MzggWiBNMzAuODE4OTI2NiwzNi4xNTI5MjU5IEwzMC44MTg5MjY2LDU2LjA0MjA3NyBMNTYuNzk4MzUzNiw0MC42MzMwMjY4IEw1Ni43OTgzNTM2LDIxLjQwMTcyNTQgTDMwLjgxODkyNjYsMzYuMTUyOTI1OSBMMzAuODE4OTI2NiwzNi4xNTI5MjU5IFogTTI4LjYyNzA2NTMsNTYuMDM3Mjc1MiBMMjguNjI3MDY1MywzNi4xNjI1Mjk1IEwyLjQ5NTk2OTMxLDIxLjgwMDI3NjcgTDIuMTk3NTIzOTIsNDAuODQ5MTA4OCBMMjguNjI3MDY1Myw1Ni4wMzcyNzUyIEwyOC42MjcwNjUzLDU2LjAzNzI3NTIgWiIgaWQ9IlNoYXBlIj48L3BhdGg+CiAgICAgICAgPC9nPgogICAgPC9nPgo8L3N2Zz4='
description: ''
behavior_plugins: {  }
